<?xml version="1.0" encoding="utf-8"?>
<Project ToolsVersion="4.0" xmlns="http://schemas.microsoft.com/developer/msbuild/2003">
  <ItemGroup>
    <Filter Include="소스 파일">
      <UniqueIdentifier>{4FC737F1-C7A5-4376-A066-2A32D752A2FF}</UniqueIdentifier>
      <Extensions>cpp;c;cc;cxx;def;odl;idl;hpj;bat;asm;asmx</Extensions>
    </Filter>
    <Filter Include="헤더 파일">
      <UniqueIdentifier>{93995380-89BD-4b04-88EB-625FBE52EBFB}</UniqueIdentifier>
      <Extensions>h;hh;hpp;hxx;hm;inl;inc;xsd</Extensions>
    </Filter>
    <Filter Include="리소스 파일">
      <UniqueIdentifier>{67DA6AB6-F800-4c08-8B7A-83BB121AAD01}</UniqueIdentifier>
      <Extensions>rc;ico;cur;bmp;dlg;rc2;rct;bin;rgs;gif;jpg;jpeg;jpe;resx;tiff;tif;png;wav;mfcribbon-ms</Extensions>
    </Filter>
    <Filter Include="Managers">
      <UniqueIdentifier>{15f009b9-4738-4d4a-97b0-ee9c1e524d2e}</UniqueIdentifier>
    </Filter>
    <Filter Include="Scenes">
      <UniqueIdentifier>{b9c8dc26-aaeb-444d-9685-efde5e4c19d2}</UniqueIdentifier>
    </Filter>
    <Filter Include="Common">
      <UniqueIdentifier>{1297aa1d-f492-43c9-b907-c593f7e9d61b}</UniqueIdentifier>
    </Filter>
    <Filter Include="BaseObject">
      <UniqueIdentifier>{7daa3724-a81a-4bfb-977f-da0b62e357e5}</UniqueIdentifier>
    </Filter>
  </ItemGroup>
  <ItemGroup>
    <Text Include="ReadMe.txt" />
  </ItemGroup>
  <ItemGroup>
    <ClInclude Include="stdafx.h">
      <Filter>헤더 파일</Filter>
    </ClInclude>
    <ClInclude Include="targetver.h">
      <Filter>헤더 파일</Filter>
    </ClInclude>
    <ClInclude Include="Resource.h">
      <Filter>헤더 파일</Filter>
    </ClInclude>
    <ClInclude Include="Direct3D_00.h">
      <Filter>헤더 파일</Filter>
    </ClInclude>
    <ClInclude Include="MyUtil.h">
      <Filter>헤더 파일</Filter>
    </ClInclude>
    <ClInclude Include="cImage.h">
      <Filter>헤더 파일</Filter>
    </ClInclude>
    <ClInclude Include="cMainGame.h">
      <Filter>헤더 파일</Filter>
    </ClInclude>
    <ClInclude Include="cSingletonBase.h">
      <Filter>Managers</Filter>
    </ClInclude>
    <ClInclude Include="cTimeMgr.h">
      <Filter>Managers</Filter>
    </ClInclude>
    <ClInclude Include="cLogMgr.h">
      <Filter>Managers</Filter>
    </ClInclude>
    <ClInclude Include="cKeyMgr.h">
      <Filter>Managers</Filter>
    </ClInclude>
    <ClInclude Include="cScene.h">
      <Filter>Scenes</Filter>
    </ClInclude>
    <ClInclude Include="cDXFontManager.h">
      <Filter>Managers</Filter>
    </ClInclude>
    <ClInclude Include="cGizmoManager.h">
      <Filter>Managers</Filter>
    </ClInclude>
    <ClInclude Include="cCamera.h">
      <Filter>Common</Filter>
    </ClInclude>
    <ClInclude Include="cTransform.h">
      <Filter>Common</Filter>
    </ClInclude>
    <ClInclude Include="cResourceMgr.h">
      <Filter>Managers</Filter>
    </ClInclude>
    <ClInclude Include="cResourceMgr_ShaderFX.h">
      <Filter>Managers</Filter>
    </ClInclude>
    <ClInclude Include="cTerrain.h">
      <Filter>Common</Filter>
    </ClInclude>
    <ClInclude Include="cResourceMgr_Texture.h">
      <Filter>Managers</Filter>
    </ClInclude>
    <ClInclude Include="cXMesh.h">
      <Filter>Common</Filter>
    </ClInclude>
    <ClInclude Include="cXMesh_Static.h">
      <Filter>Common</Filter>
    </ClInclude>
    <ClInclude Include="cLight.h">
      <Filter>Common</Filter>
    </ClInclude>
    <ClInclude Include="cLight_Direction.h">
      <Filter>Common</Filter>
    </ClInclude>
    <ClInclude Include="cLight_Point.h">
      <Filter>Common</Filter>
    </ClInclude>
    <ClInclude Include="cResourceMgr_XStaticMesh.h">
      <Filter>Managers</Filter>
    </ClInclude>
    <ClInclude Include="cBoundSphere.h">
      <Filter>헤더 파일</Filter>
    </ClInclude>
    <ClInclude Include="cBoundBox.h">
      <Filter>헤더 파일</Filter>
    </ClInclude>
    <ClInclude Include="cBaseObject.h">
      <Filter>BaseObject</Filter>
    </ClInclude>
    <ClInclude Include="cPhysicManager.h">
      <Filter>Managers</Filter>
    </ClInclude>
    <ClInclude Include="cEnemyPlane.h">
      <Filter>헤더 파일</Filter>
    </ClInclude>
    <ClInclude Include="cPlayerPlane.h">
      <Filter>헤더 파일</Filter>
    </ClInclude>
    <ClInclude Include="cScene_00_BaseObjectUse.h">
      <Filter>Scenes</Filter>
    </ClInclude>
    <ClInclude Include="cScene_01_ShowBound.h">
      <Filter>Scenes</Filter>
    </ClInclude>
    <ClInclude Include="cScene_02_BoundBlocking.h">
      <Filter>Scenes</Filter>
    </ClInclude>
    <ClInclude Include="cScene_03_RayTest.h">
      <Filter>Scenes</Filter>
    </ClInclude>
  </ItemGroup>
  <ItemGroup>
    <ClCompile Include="stdafx.cpp">
      <Filter>소스 파일</Filter>
    </ClCompile>
    <ClCompile Include="Direct3D_00.cpp">
      <Filter>소스 파일</Filter>
    </ClCompile>
    <ClCompile Include="MyUtil.cpp">
      <Filter>소스 파일</Filter>
    </ClCompile>
    <ClCompile Include="cImage.cpp">
      <Filter>소스 파일</Filter>
    </ClCompile>
    <ClCompile Include="cMainGame.cpp">
      <Filter>소스 파일</Filter>
    </ClCompile>
    <ClCompile Include="cSingletonBase.cpp">
      <Filter>Managers</Filter>
    </ClCompile>
    <ClCompile Include="cTimeMgr.cpp">
      <Filter>Managers</Filter>
    </ClCompile>
    <ClCompile Include="cLogMgr.cpp">
      <Filter>Managers</Filter>
    </ClCompile>
    <ClCompile Include="cKeyMgr.cpp">
      <Filter>Managers</Filter>
    </ClCompile>
    <ClCompile Include="cScene.cpp">
      <Filter>Scenes</Filter>
    </ClCompile>
    <ClCompile Include="cDXFontManager.cpp">
      <Filter>Managers</Filter>
    </ClCompile>
    <ClCompile Include="cGizmoManager.cpp">
      <Filter>Managers</Filter>
    </ClCompile>
    <ClCompile Include="cCamera.cpp">
      <Filter>Common</Filter>
    </ClCompile>
    <ClCompile Include="cTransform.cpp">
      <Filter>Common</Filter>
    </ClCompile>
    <ClCompile Include="cResourceMgr.cpp">
      <Filter>Managers</Filter>
    </ClCompile>
    <ClCompile Include="cResourceMgr_ShaderFX.cpp">
      <Filter>Managers</Filter>
    </ClCompile>
    <ClCompile Include="cTerrain.cpp">
      <Filter>Common</Filter>
    </ClCompile>
    <ClCompile Include="cResourceMgr_Texture.cpp">
      <Filter>Managers</Filter>
    </ClCompile>
    <ClCompile Include="cXMesh.cpp">
      <Filter>Common</Filter>
    </ClCompile>
    <ClCompile Include="cXMesh_Static.cpp">
      <Filter>Common</Filter>
    </ClCompile>
    <ClCompile Include="cLight.cpp">
      <Filter>Common</Filter>
    </ClCompile>
    <ClCompile Include="cLight_Direction.cpp">
      <Filter>Common</Filter>
    </ClCompile>
    <ClCompile Include="cLight_Point.cpp">
      <Filter>Common</Filter>
    </ClCompile>
    <ClCompile Include="cResourceMgr_XStaticMesh.cpp">
      <Filter>Managers</Filter>
    </ClCompile>
    <ClCompile Include="cBoundSphere.cpp">
      <Filter>소스 파일</Filter>
    </ClCompile>
    <ClCompile Include="cBoundBox.cpp">
      <Filter>소스 파일</Filter>
    </ClCompile>
    <ClCompile Include="cBaseObject.cpp">
      <Filter>BaseObject</Filter>
    </ClCompile>
    <ClCompile Include="cPhysicManager.cpp">
      <Filter>Managers</Filter>
    </ClCompile>
    <ClCompile Include="cEnemyPlane.cpp">
      <Filter>소스 파일</Filter>
    </ClCompile>
    <ClCompile Include="cPlayerPlane.cpp">
      <Filter>소스 파일</Filter>
    </ClCompile>
    <ClCompile Include="cScene_00_BaseObjectUse.cpp">
      <Filter>Scenes</Filter>
    </ClCompile>
    <ClCompile Include="cScene_01_ShowBound.cpp">
      <Filter>Scenes</Filter>
    </ClCompile>
    <ClCompile Include="cScene_02_BoundBlocking.cpp">
      <Filter>Scenes</Filter>
    </ClCompile>
    <ClCompile Include="cScene_03_RayTest.cpp">
      <Filter>Scenes</Filter>
    </ClCompile>
  </ItemGroup>
  <ItemGroup>
    <ResourceCompile Include="Direct3D_00.rc">
      <Filter>리소스 파일</Filter>
    </ResourceCompile>
  </ItemGroup>
  <ItemGroup>
    <Image Include="small.ico">
      <Filter>리소스 파일</Filter>
    </Image>
    <Image Include="Direct3D_00.ico">
      <Filter>리소스 파일</Filter>
    </Image>
  </ItemGroup>
  <ItemGroup>
    <FxCompile Include="HSLS_BaseColor.fx" />
    <FxCompile Include="HLSL_LamberLighting.fx" />
    <FxCompile Include="HLSL_VertexSpecular.fx" />
    <FxCompile Include="Phong.fx" />
    <FxCompile Include="Texure.fx" />
    <FxCompile Include="Texure_Mask2.fx" />
    <FxCompile Include="Texure_Terrain.fx" />
    <FxCompile Include="TextureBlinn.fx" />
    <FxCompile Include="TextureNormal2.fx" />
  </ItemGroup>
</Project>