
Microsoft Visual Studio Solution File, Format Version 12.00
# Visual Studio Express 2013 for Windows Desktop
VisualStudioVersion = 12.0.31101.0
MinimumVisualStudioVersion = 10.0.40219.1
Project("{8BC9CEB8-8B4A-11D0-8D11-00A0C91BC942}") = "Direct3D_001_vertex", "Direct3D_00\Direct3D_00.vcxproj", "{E81E9095-F0E7-4161-A85A-D8D5A40F268B}"
EndProject
Project("{8BC9CEB8-8B4A-11D0-8D11-00A0C91BC942}") = "Direct3D_003_Direction", "..\Direct3D_01\Direct3D_01\Direct3D_01.vcxproj", "{226DB2DF-CB0C-471E-855E-89C431690E2E}"
EndProject
Project("{8BC9CEB8-8B4A-11D0-8D11-00A0C91BC942}") = "Direct3D_002_Font", "..\Direct3D_02\Direct3D_02.v12\Direct3D_02.vcxproj", "{2E2A7E21-83C6-452E-A503-CE40016EB487}"
EndProject
Project("{8BC9CEB8-8B4A-11D0-8D11-00A0C91BC942}") = "Direct3D_003_Texture", "..\Direct3D_03\Direct3D_03.v12.v12\Direct3D_03.vcxproj", "{713DAC80-5A88-4C04-821F-20E000A67E07}"
EndProject
Project("{8BC9CEB8-8B4A-11D0-8D11-00A0C91BC942}") = "Direct3D_004_Gizmos", "..\Direct3D_04\Direct3D_03.v12.v12\Direct3D_04.vcxproj", "{3D7A48E7-5A02-45C7-B99F-7FBD271849F5}"
EndProject
Project("{8BC9CEB8-8B4A-11D0-8D11-00A0C91BC942}") = "Direct3D_005_Rotation", "..\Direct3D_05\Direct3D_03.v12.v12\Direct3D_05.vcxproj", "{2066EE9D-AD6B-42C4-AE2F-2D7C6D79EB33}"
EndProject
Project("{8BC9CEB8-8B4A-11D0-8D11-00A0C91BC942}") = "Direct3D_006_Transform", "..\Direct3D_06\Direct3D_06.v12.v12\Direct3D_06.vcxproj", "{22AA2829-AAE3-4EE6-8F14-FCC4A7A68620}"
EndProject
Project("{8BC9CEB8-8B4A-11D0-8D11-00A0C91BC942}") = "Direct3D_007_Transform Hierachy", "..\Direct3D_07\Direct3D_07.v12.v12\Direct3D_07.vcxproj", "{9473B2A4-80C1-408D-91C1-D61A48D39FFA}"
EndProject
Project("{8BC9CEB8-8B4A-11D0-8D11-00A0C91BC942}") = "Direct3D_008_Lighting", "..\Direct3D_08\Direct3D_08.v12.v12\Direct3D_08.vcxproj", "{44C348D4-1F7E-4118-A282-8EAB27464ACF}"
EndProject
Project("{8BC9CEB8-8B4A-11D0-8D11-00A0C91BC942}") = "Direct3D_009_Shader", "..\Direct3D_09\Direct3D_09.v12.v12\Direct3D_09.vcxproj", "{7DCEF644-AB3F-4EDC-B8B1-A23FC8B4009B}"
EndProject
Project("{8BC9CEB8-8B4A-11D0-8D11-00A0C91BC942}") = "Direct3D_010_Texture2", "..\Direct3D_10\Direct3D_10.v12.v12\Direct3D_10.vcxproj", "{0FB97ED6-A77C-4383-B44A-37FC1D476ABE}"
EndProject
Project("{8BC9CEB8-8B4A-11D0-8D11-00A0C91BC942}") = "Direct3D_011_ResourceMGR", "..\Direct3D_11\Direct3D_11.v12.v12\Direct3D_11.vcxproj", "{545A2961-8B23-4659-B729-8DFA6E412FD2}"
EndProject
Project("{8BC9CEB8-8B4A-11D0-8D11-00A0C91BC942}") = "Direct3D_012_SkySphere", "..\Direct3D_12\Direct3D_12.v12.v12\Direct3D_12.vcxproj", "{AC1880F3-9FDC-4B24-B9DC-9783E1923150}"
EndProject
Project("{8BC9CEB8-8B4A-11D0-8D11-00A0C91BC942}") = "Direct3D_013_XMesh", "..\Direct3D_13\Direct3D_13.v12.v12\Direct3D_13.vcxproj", "{413FD472-4559-49AE-9471-4085860DDC2F}"
EndProject
Project("{8BC9CEB8-8B4A-11D0-8D11-00A0C91BC942}") = "Direct3D_014_BaseObject", "..\Direct3D_14\Direct3D_14.v12.v12\Direct3D_14.vcxproj", "{9D9EA583-9633-44BF-BD11-F3BCD2E5AB4E}"
EndProject
Project("{8BC9CEB8-8B4A-11D0-8D11-00A0C91BC942}") = "Direct3D_015_BoundSet", "..\Direct3D_15\Direct3D_15.v12.v12\Direct3D_15.vcxproj", "{196E8571-8300-4ECC-B3C1-40F3496D38FB}"
EndProject
Project("{8BC9CEB8-8B4A-11D0-8D11-00A0C91BC942}") = "Direct3D_016_Terrain", "..\Direct3D_16\Direct3D_16.v12.v12\Direct3D_16.vcxproj", "{78EC1F1D-6605-4961-901E-92071F2FF1E2}"
EndProject
Project("{8BC9CEB8-8B4A-11D0-8D11-00A0C91BC942}") = "Direct3D_017_SkinnedAnimation", "..\Direct3D_17\Direct3D_17.v12.v12\Direct3D_17.vcxproj", "{77168245-9109-4EF6-9B8F-5D625CEAC145}"
EndProject
Project("{8BC9CEB8-8B4A-11D0-8D11-00A0C91BC942}") = "Direct3D_018_Sprite", "..\Direct3D_18\Direct3D_18.v12.v12\Direct3D_18.vcxproj", "{B1A2CD60-9ED6-45D0-97D7-E5CE3F1429AD}"
EndProject
Global
	GlobalSection(SolutionConfigurationPlatforms) = preSolution
		Debug|Win32 = Debug|Win32
		Debug|x64 = Debug|x64
		Debug|x86 = Debug|x86
		Release|Win32 = Release|Win32
		Release|x64 = Release|x64
		Release|x86 = Release|x86
	EndGlobalSection
	GlobalSection(ProjectConfigurationPlatforms) = postSolution
		{E81E9095-F0E7-4161-A85A-D8D5A40F268B}.Debug|Win32.ActiveCfg = Debug|Win32
		{E81E9095-F0E7-4161-A85A-D8D5A40F268B}.Debug|Win32.Build.0 = Debug|Win32
		{E81E9095-F0E7-4161-A85A-D8D5A40F268B}.Debug|x64.ActiveCfg = Debug|x64
		{E81E9095-F0E7-4161-A85A-D8D5A40F268B}.Debug|x64.Build.0 = Debug|x64
		{E81E9095-F0E7-4161-A85A-D8D5A40F268B}.Debug|x86.ActiveCfg = Debug|Win32
		{E81E9095-F0E7-4161-A85A-D8D5A40F268B}.Debug|x86.Build.0 = Debug|Win32
		{E81E9095-F0E7-4161-A85A-D8D5A40F268B}.Release|Win32.ActiveCfg = Release|Win32
		{E81E9095-F0E7-4161-A85A-D8D5A40F268B}.Release|Win32.Build.0 = Release|Win32
		{E81E9095-F0E7-4161-A85A-D8D5A40F268B}.Release|x64.ActiveCfg = Release|x64
		{E81E9095-F0E7-4161-A85A-D8D5A40F268B}.Release|x64.Build.0 = Release|x64
		{E81E9095-F0E7-4161-A85A-D8D5A40F268B}.Release|x86.ActiveCfg = Release|Win32
		{E81E9095-F0E7-4161-A85A-D8D5A40F268B}.Release|x86.Build.0 = Release|Win32
		{226DB2DF-CB0C-471E-855E-89C431690E2E}.Debug|Win32.ActiveCfg = Debug|Win32
		{226DB2DF-CB0C-471E-855E-89C431690E2E}.Debug|Win32.Build.0 = Debug|Win32
		{226DB2DF-CB0C-471E-855E-89C431690E2E}.Debug|x64.ActiveCfg = Debug|x64
		{226DB2DF-CB0C-471E-855E-89C431690E2E}.Debug|x64.Build.0 = Debug|x64
		{226DB2DF-CB0C-471E-855E-89C431690E2E}.Debug|x86.ActiveCfg = Debug|Win32
		{226DB2DF-CB0C-471E-855E-89C431690E2E}.Debug|x86.Build.0 = Debug|Win32
		{226DB2DF-CB0C-471E-855E-89C431690E2E}.Release|Win32.ActiveCfg = Release|Win32
		{226DB2DF-CB0C-471E-855E-89C431690E2E}.Release|Win32.Build.0 = Release|Win32
		{226DB2DF-CB0C-471E-855E-89C431690E2E}.Release|x64.ActiveCfg = Release|x64
		{226DB2DF-CB0C-471E-855E-89C431690E2E}.Release|x64.Build.0 = Release|x64
		{226DB2DF-CB0C-471E-855E-89C431690E2E}.Release|x86.ActiveCfg = Release|Win32
		{226DB2DF-CB0C-471E-855E-89C431690E2E}.Release|x86.Build.0 = Release|Win32
		{2E2A7E21-83C6-452E-A503-CE40016EB487}.Debug|Win32.ActiveCfg = Debug|Win32
		{2E2A7E21-83C6-452E-A503-CE40016EB487}.Debug|Win32.Build.0 = Debug|Win32
		{2E2A7E21-83C6-452E-A503-CE40016EB487}.Debug|x64.ActiveCfg = Debug|x64
		{2E2A7E21-83C6-452E-A503-CE40016EB487}.Debug|x64.Build.0 = Debug|x64
		{2E2A7E21-83C6-452E-A503-CE40016EB487}.Debug|x86.ActiveCfg = Debug|Win32
		{2E2A7E21-83C6-452E-A503-CE40016EB487}.Debug|x86.Build.0 = Debug|Win32
		{2E2A7E21-83C6-452E-A503-CE40016EB487}.Release|Win32.ActiveCfg = Release|Win32
		{2E2A7E21-83C6-452E-A503-CE40016EB487}.Release|Win32.Build.0 = Release|Win32
		{2E2A7E21-83C6-452E-A503-CE40016EB487}.Release|x64.ActiveCfg = Release|x64
		{2E2A7E21-83C6-452E-A503-CE40016EB487}.Release|x64.Build.0 = Release|x64
		{2E2A7E21-83C6-452E-A503-CE40016EB487}.Release|x86.ActiveCfg = Release|Win32
		{2E2A7E21-83C6-452E-A503-CE40016EB487}.Release|x86.Build.0 = Release|Win32
		{713DAC80-5A88-4C04-821F-20E000A67E07}.Debug|Win32.ActiveCfg = Debug|Win32
		{713DAC80-5A88-4C04-821F-20E000A67E07}.Debug|Win32.Build.0 = Debug|Win32
		{713DAC80-5A88-4C04-821F-20E000A67E07}.Debug|x64.ActiveCfg = Debug|x64
		{713DAC80-5A88-4C04-821F-20E000A67E07}.Debug|x64.Build.0 = Debug|x64
		{713DAC80-5A88-4C04-821F-20E000A67E07}.Debug|x86.ActiveCfg = Debug|Win32
		{713DAC80-5A88-4C04-821F-20E000A67E07}.Debug|x86.Build.0 = Debug|Win32
		{713DAC80-5A88-4C04-821F-20E000A67E07}.Release|Win32.ActiveCfg = Release|Win32
		{713DAC80-5A88-4C04-821F-20E000A67E07}.Release|Win32.Build.0 = Release|Win32
		{713DAC80-5A88-4C04-821F-20E000A67E07}.Release|x64.ActiveCfg = Release|x64
		{713DAC80-5A88-4C04-821F-20E000A67E07}.Release|x64.Build.0 = Release|x64
		{713DAC80-5A88-4C04-821F-20E000A67E07}.Release|x86.ActiveCfg = Release|Win32
		{713DAC80-5A88-4C04-821F-20E000A67E07}.Release|x86.Build.0 = Release|Win32
		{3D7A48E7-5A02-45C7-B99F-7FBD271849F5}.Debug|Win32.ActiveCfg = Debug|Win32
		{3D7A48E7-5A02-45C7-B99F-7FBD271849F5}.Debug|Win32.Build.0 = Debug|Win32
		{3D7A48E7-5A02-45C7-B99F-7FBD271849F5}.Debug|x64.ActiveCfg = Debug|x64
		{3D7A48E7-5A02-45C7-B99F-7FBD271849F5}.Debug|x64.Build.0 = Debug|x64
		{3D7A48E7-5A02-45C7-B99F-7FBD271849F5}.Debug|x86.ActiveCfg = Debug|Win32
		{3D7A48E7-5A02-45C7-B99F-7FBD271849F5}.Debug|x86.Build.0 = Debug|Win32
		{3D7A48E7-5A02-45C7-B99F-7FBD271849F5}.Release|Win32.ActiveCfg = Release|Win32
		{3D7A48E7-5A02-45C7-B99F-7FBD271849F5}.Release|Win32.Build.0 = Release|Win32
		{3D7A48E7-5A02-45C7-B99F-7FBD271849F5}.Release|x64.ActiveCfg = Release|x64
		{3D7A48E7-5A02-45C7-B99F-7FBD271849F5}.Release|x64.Build.0 = Release|x64
		{3D7A48E7-5A02-45C7-B99F-7FBD271849F5}.Release|x86.ActiveCfg = Release|Win32
		{3D7A48E7-5A02-45C7-B99F-7FBD271849F5}.Release|x86.Build.0 = Release|Win32
		{2066EE9D-AD6B-42C4-AE2F-2D7C6D79EB33}.Debug|Win32.ActiveCfg = Debug|Win32
		{2066EE9D-AD6B-42C4-AE2F-2D7C6D79EB33}.Debug|Win32.Build.0 = Debug|Win32
		{2066EE9D-AD6B-42C4-AE2F-2D7C6D79EB33}.Debug|x64.ActiveCfg = Debug|x64
		{2066EE9D-AD6B-42C4-AE2F-2D7C6D79EB33}.Debug|x64.Build.0 = Debug|x64
		{2066EE9D-AD6B-42C4-AE2F-2D7C6D79EB33}.Debug|x86.ActiveCfg = Debug|Win32
		{2066EE9D-AD6B-42C4-AE2F-2D7C6D79EB33}.Debug|x86.Build.0 = Debug|Win32
		{2066EE9D-AD6B-42C4-AE2F-2D7C6D79EB33}.Release|Win32.ActiveCfg = Release|Win32
		{2066EE9D-AD6B-42C4-AE2F-2D7C6D79EB33}.Release|Win32.Build.0 = Release|Win32
		{2066EE9D-AD6B-42C4-AE2F-2D7C6D79EB33}.Release|x64.ActiveCfg = Release|x64
		{2066EE9D-AD6B-42C4-AE2F-2D7C6D79EB33}.Release|x64.Build.0 = Release|x64
		{2066EE9D-AD6B-42C4-AE2F-2D7C6D79EB33}.Release|x86.ActiveCfg = Release|Win32
		{2066EE9D-AD6B-42C4-AE2F-2D7C6D79EB33}.Release|x86.Build.0 = Release|Win32
		{22AA2829-AAE3-4EE6-8F14-FCC4A7A68620}.Debug|Win32.ActiveCfg = Debug|Win32
		{22AA2829-AAE3-4EE6-8F14-FCC4A7A68620}.Debug|Win32.Build.0 = Debug|Win32
		{22AA2829-AAE3-4EE6-8F14-FCC4A7A68620}.Debug|x64.ActiveCfg = Debug|x64
		{22AA2829-AAE3-4EE6-8F14-FCC4A7A68620}.Debug|x64.Build.0 = Debug|x64
		{22AA2829-AAE3-4EE6-8F14-FCC4A7A68620}.Debug|x86.ActiveCfg = Debug|Win32
		{22AA2829-AAE3-4EE6-8F14-FCC4A7A68620}.Debug|x86.Build.0 = Debug|Win32
		{22AA2829-AAE3-4EE6-8F14-FCC4A7A68620}.Release|Win32.ActiveCfg = Release|Win32
		{22AA2829-AAE3-4EE6-8F14-FCC4A7A68620}.Release|Win32.Build.0 = Release|Win32
		{22AA2829-AAE3-4EE6-8F14-FCC4A7A68620}.Release|x64.ActiveCfg = Release|x64
		{22AA2829-AAE3-4EE6-8F14-FCC4A7A68620}.Release|x64.Build.0 = Release|x64
		{22AA2829-AAE3-4EE6-8F14-FCC4A7A68620}.Release|x86.ActiveCfg = Release|Win32
		{22AA2829-AAE3-4EE6-8F14-FCC4A7A68620}.Release|x86.Build.0 = Release|Win32
		{9473B2A4-80C1-408D-91C1-D61A48D39FFA}.Debug|Win32.ActiveCfg = Debug|Win32
		{9473B2A4-80C1-408D-91C1-D61A48D39FFA}.Debug|Win32.Build.0 = Debug|Win32
		{9473B2A4-80C1-408D-91C1-D61A48D39FFA}.Debug|x64.ActiveCfg = Debug|x64
		{9473B2A4-80C1-408D-91C1-D61A48D39FFA}.Debug|x64.Build.0 = Debug|x64
		{9473B2A4-80C1-408D-91C1-D61A48D39FFA}.Debug|x86.ActiveCfg = Debug|Win32
		{9473B2A4-80C1-408D-91C1-D61A48D39FFA}.Debug|x86.Build.0 = Debug|Win32
		{9473B2A4-80C1-408D-91C1-D61A48D39FFA}.Release|Win32.ActiveCfg = Release|Win32
		{9473B2A4-80C1-408D-91C1-D61A48D39FFA}.Release|Win32.Build.0 = Release|Win32
		{9473B2A4-80C1-408D-91C1-D61A48D39FFA}.Release|x64.ActiveCfg = Release|x64
		{9473B2A4-80C1-408D-91C1-D61A48D39FFA}.Release|x64.Build.0 = Release|x64
		{9473B2A4-80C1-408D-91C1-D61A48D39FFA}.Release|x86.ActiveCfg = Release|Win32
		{9473B2A4-80C1-408D-91C1-D61A48D39FFA}.Release|x86.Build.0 = Release|Win32
		{44C348D4-1F7E-4118-A282-8EAB27464ACF}.Debug|Win32.ActiveCfg = Debug|Win32
		{44C348D4-1F7E-4118-A282-8EAB27464ACF}.Debug|Win32.Build.0 = Debug|Win32
		{44C348D4-1F7E-4118-A282-8EAB27464ACF}.Debug|x64.ActiveCfg = Debug|x64
		{44C348D4-1F7E-4118-A282-8EAB27464ACF}.Debug|x64.Build.0 = Debug|x64
		{44C348D4-1F7E-4118-A282-8EAB27464ACF}.Debug|x86.ActiveCfg = Debug|Win32
		{44C348D4-1F7E-4118-A282-8EAB27464ACF}.Debug|x86.Build.0 = Debug|Win32
		{44C348D4-1F7E-4118-A282-8EAB27464ACF}.Release|Win32.ActiveCfg = Release|Win32
		{44C348D4-1F7E-4118-A282-8EAB27464ACF}.Release|Win32.Build.0 = Release|Win32
		{44C348D4-1F7E-4118-A282-8EAB27464ACF}.Release|x64.ActiveCfg = Release|x64
		{44C348D4-1F7E-4118-A282-8EAB27464ACF}.Release|x64.Build.0 = Release|x64
		{44C348D4-1F7E-4118-A282-8EAB27464ACF}.Release|x86.ActiveCfg = Release|Win32
		{44C348D4-1F7E-4118-A282-8EAB27464ACF}.Release|x86.Build.0 = Release|Win32
		{7DCEF644-AB3F-4EDC-B8B1-A23FC8B4009B}.Debug|Win32.ActiveCfg = Debug|Win32
		{7DCEF644-AB3F-4EDC-B8B1-A23FC8B4009B}.Debug|Win32.Build.0 = Debug|Win32
		{7DCEF644-AB3F-4EDC-B8B1-A23FC8B4009B}.Debug|x64.ActiveCfg = Debug|x64
		{7DCEF644-AB3F-4EDC-B8B1-A23FC8B4009B}.Debug|x64.Build.0 = Debug|x64
		{7DCEF644-AB3F-4EDC-B8B1-A23FC8B4009B}.Debug|x86.ActiveCfg = Debug|Win32
		{7DCEF644-AB3F-4EDC-B8B1-A23FC8B4009B}.Debug|x86.Build.0 = Debug|Win32
		{7DCEF644-AB3F-4EDC-B8B1-A23FC8B4009B}.Release|Win32.ActiveCfg = Release|Win32
		{7DCEF644-AB3F-4EDC-B8B1-A23FC8B4009B}.Release|Win32.Build.0 = Release|Win32
		{7DCEF644-AB3F-4EDC-B8B1-A23FC8B4009B}.Release|x64.ActiveCfg = Release|x64
		{7DCEF644-AB3F-4EDC-B8B1-A23FC8B4009B}.Release|x64.Build.0 = Release|x64
		{7DCEF644-AB3F-4EDC-B8B1-A23FC8B4009B}.Release|x86.ActiveCfg = Release|Win32
		{7DCEF644-AB3F-4EDC-B8B1-A23FC8B4009B}.Release|x86.Build.0 = Release|Win32
		{0FB97ED6-A77C-4383-B44A-37FC1D476ABE}.Debug|Win32.ActiveCfg = Debug|Win32
		{0FB97ED6-A77C-4383-B44A-37FC1D476ABE}.Debug|Win32.Build.0 = Debug|Win32
		{0FB97ED6-A77C-4383-B44A-37FC1D476ABE}.Debug|x64.ActiveCfg = Debug|x64
		{0FB97ED6-A77C-4383-B44A-37FC1D476ABE}.Debug|x64.Build.0 = Debug|x64
		{0FB97ED6-A77C-4383-B44A-37FC1D476ABE}.Debug|x86.ActiveCfg = Debug|Win32
		{0FB97ED6-A77C-4383-B44A-37FC1D476ABE}.Debug|x86.Build.0 = Debug|Win32
		{0FB97ED6-A77C-4383-B44A-37FC1D476ABE}.Release|Win32.ActiveCfg = Release|Win32
		{0FB97ED6-A77C-4383-B44A-37FC1D476ABE}.Release|Win32.Build.0 = Release|Win32
		{0FB97ED6-A77C-4383-B44A-37FC1D476ABE}.Release|x64.ActiveCfg = Release|x64
		{0FB97ED6-A77C-4383-B44A-37FC1D476ABE}.Release|x64.Build.0 = Release|x64
		{0FB97ED6-A77C-4383-B44A-37FC1D476ABE}.Release|x86.ActiveCfg = Release|Win32
		{0FB97ED6-A77C-4383-B44A-37FC1D476ABE}.Release|x86.Build.0 = Release|Win32
		{545A2961-8B23-4659-B729-8DFA6E412FD2}.Debug|Win32.ActiveCfg = Debug|Win32
		{545A2961-8B23-4659-B729-8DFA6E412FD2}.Debug|Win32.Build.0 = Debug|Win32
		{545A2961-8B23-4659-B729-8DFA6E412FD2}.Debug|x64.ActiveCfg = Debug|x64
		{545A2961-8B23-4659-B729-8DFA6E412FD2}.Debug|x64.Build.0 = Debug|x64
		{545A2961-8B23-4659-B729-8DFA6E412FD2}.Debug|x86.ActiveCfg = Debug|Win32
		{545A2961-8B23-4659-B729-8DFA6E412FD2}.Debug|x86.Build.0 = Debug|Win32
		{545A2961-8B23-4659-B729-8DFA6E412FD2}.Release|Win32.ActiveCfg = Release|Win32
		{545A2961-8B23-4659-B729-8DFA6E412FD2}.Release|Win32.Build.0 = Release|Win32
		{545A2961-8B23-4659-B729-8DFA6E412FD2}.Release|x64.ActiveCfg = Release|x64
		{545A2961-8B23-4659-B729-8DFA6E412FD2}.Release|x64.Build.0 = Release|x64
		{545A2961-8B23-4659-B729-8DFA6E412FD2}.Release|x86.ActiveCfg = Release|Win32
		{545A2961-8B23-4659-B729-8DFA6E412FD2}.Release|x86.Build.0 = Release|Win32
		{AC1880F3-9FDC-4B24-B9DC-9783E1923150}.Debug|Win32.ActiveCfg = Debug|Win32
		{AC1880F3-9FDC-4B24-B9DC-9783E1923150}.Debug|Win32.Build.0 = Debug|Win32
		{AC1880F3-9FDC-4B24-B9DC-9783E1923150}.Debug|x64.ActiveCfg = Debug|x64
		{AC1880F3-9FDC-4B24-B9DC-9783E1923150}.Debug|x64.Build.0 = Debug|x64
		{AC1880F3-9FDC-4B24-B9DC-9783E1923150}.Debug|x86.ActiveCfg = Debug|Win32
		{AC1880F3-9FDC-4B24-B9DC-9783E1923150}.Debug|x86.Build.0 = Debug|Win32
		{AC1880F3-9FDC-4B24-B9DC-9783E1923150}.Release|Win32.ActiveCfg = Release|Win32
		{AC1880F3-9FDC-4B24-B9DC-9783E1923150}.Release|Win32.Build.0 = Release|Win32
		{AC1880F3-9FDC-4B24-B9DC-9783E1923150}.Release|x64.ActiveCfg = Release|x64
		{AC1880F3-9FDC-4B24-B9DC-9783E1923150}.Release|x64.Build.0 = Release|x64
		{AC1880F3-9FDC-4B24-B9DC-9783E1923150}.Release|x86.ActiveCfg = Release|Win32
		{AC1880F3-9FDC-4B24-B9DC-9783E1923150}.Release|x86.Build.0 = Release|Win32
		{413FD472-4559-49AE-9471-4085860DDC2F}.Debug|Win32.ActiveCfg = Debug|Win32
		{413FD472-4559-49AE-9471-4085860DDC2F}.Debug|Win32.Build.0 = Debug|Win32
		{413FD472-4559-49AE-9471-4085860DDC2F}.Debug|x64.ActiveCfg = Debug|x64
		{413FD472-4559-49AE-9471-4085860DDC2F}.Debug|x64.Build.0 = Debug|x64
		{413FD472-4559-49AE-9471-4085860DDC2F}.Debug|x86.ActiveCfg = Debug|Win32
		{413FD472-4559-49AE-9471-4085860DDC2F}.Debug|x86.Build.0 = Debug|Win32
		{413FD472-4559-49AE-9471-4085860DDC2F}.Release|Win32.ActiveCfg = Release|Win32
		{413FD472-4559-49AE-9471-4085860DDC2F}.Release|Win32.Build.0 = Release|Win32
		{413FD472-4559-49AE-9471-4085860DDC2F}.Release|x64.ActiveCfg = Release|x64
		{413FD472-4559-49AE-9471-4085860DDC2F}.Release|x64.Build.0 = Release|x64
		{413FD472-4559-49AE-9471-4085860DDC2F}.Release|x86.ActiveCfg = Release|Win32
		{413FD472-4559-49AE-9471-4085860DDC2F}.Release|x86.Build.0 = Release|Win32
		{9D9EA583-9633-44BF-BD11-F3BCD2E5AB4E}.Debug|Win32.ActiveCfg = Debug|Win32
		{9D9EA583-9633-44BF-BD11-F3BCD2E5AB4E}.Debug|Win32.Build.0 = Debug|Win32
		{9D9EA583-9633-44BF-BD11-F3BCD2E5AB4E}.Debug|x64.ActiveCfg = Debug|x64
		{9D9EA583-9633-44BF-BD11-F3BCD2E5AB4E}.Debug|x64.Build.0 = Debug|x64
		{9D9EA583-9633-44BF-BD11-F3BCD2E5AB4E}.Debug|x86.ActiveCfg = Debug|Win32
		{9D9EA583-9633-44BF-BD11-F3BCD2E5AB4E}.Debug|x86.Build.0 = Debug|Win32
		{9D9EA583-9633-44BF-BD11-F3BCD2E5AB4E}.Release|Win32.ActiveCfg = Release|Win32
		{9D9EA583-9633-44BF-BD11-F3BCD2E5AB4E}.Release|Win32.Build.0 = Release|Win32
		{9D9EA583-9633-44BF-BD11-F3BCD2E5AB4E}.Release|x64.ActiveCfg = Release|x64
		{9D9EA583-9633-44BF-BD11-F3BCD2E5AB4E}.Release|x64.Build.0 = Release|x64
		{9D9EA583-9633-44BF-BD11-F3BCD2E5AB4E}.Release|x86.ActiveCfg = Release|Win32
		{9D9EA583-9633-44BF-BD11-F3BCD2E5AB4E}.Release|x86.Build.0 = Release|Win32
		{196E8571-8300-4ECC-B3C1-40F3496D38FB}.Debug|Win32.ActiveCfg = Debug|Win32
		{196E8571-8300-4ECC-B3C1-40F3496D38FB}.Debug|Win32.Build.0 = Debug|Win32
		{196E8571-8300-4ECC-B3C1-40F3496D38FB}.Debug|x64.ActiveCfg = Debug|x64
		{196E8571-8300-4ECC-B3C1-40F3496D38FB}.Debug|x64.Build.0 = Debug|x64
		{196E8571-8300-4ECC-B3C1-40F3496D38FB}.Debug|x86.ActiveCfg = Debug|Win32
		{196E8571-8300-4ECC-B3C1-40F3496D38FB}.Debug|x86.Build.0 = Debug|Win32
		{196E8571-8300-4ECC-B3C1-40F3496D38FB}.Release|Win32.ActiveCfg = Release|Win32
		{196E8571-8300-4ECC-B3C1-40F3496D38FB}.Release|Win32.Build.0 = Release|Win32
		{196E8571-8300-4ECC-B3C1-40F3496D38FB}.Release|x64.ActiveCfg = Release|x64
		{196E8571-8300-4ECC-B3C1-40F3496D38FB}.Release|x64.Build.0 = Release|x64
		{196E8571-8300-4ECC-B3C1-40F3496D38FB}.Release|x86.ActiveCfg = Release|Win32
		{196E8571-8300-4ECC-B3C1-40F3496D38FB}.Release|x86.Build.0 = Release|Win32
		{78EC1F1D-6605-4961-901E-92071F2FF1E2}.Debug|Win32.ActiveCfg = Debug|Win32
		{78EC1F1D-6605-4961-901E-92071F2FF1E2}.Debug|Win32.Build.0 = Debug|Win32
		{78EC1F1D-6605-4961-901E-92071F2FF1E2}.Debug|x64.ActiveCfg = Debug|x64
		{78EC1F1D-6605-4961-901E-92071F2FF1E2}.Debug|x64.Build.0 = Debug|x64
		{78EC1F1D-6605-4961-901E-92071F2FF1E2}.Debug|x86.ActiveCfg = Debug|Win32
		{78EC1F1D-6605-4961-901E-92071F2FF1E2}.Debug|x86.Build.0 = Debug|Win32
		{78EC1F1D-6605-4961-901E-92071F2FF1E2}.Release|Win32.ActiveCfg = Release|Win32
		{78EC1F1D-6605-4961-901E-92071F2FF1E2}.Release|Win32.Build.0 = Release|Win32
		{78EC1F1D-6605-4961-901E-92071F2FF1E2}.Release|x64.ActiveCfg = Release|x64
		{78EC1F1D-6605-4961-901E-92071F2FF1E2}.Release|x64.Build.0 = Release|x64
		{78EC1F1D-6605-4961-901E-92071F2FF1E2}.Release|x86.ActiveCfg = Release|Win32
		{78EC1F1D-6605-4961-901E-92071F2FF1E2}.Release|x86.Build.0 = Release|Win32
		{77168245-9109-4EF6-9B8F-5D625CEAC145}.Debug|Win32.ActiveCfg = Debug|Win32
		{77168245-9109-4EF6-9B8F-5D625CEAC145}.Debug|Win32.Build.0 = Debug|Win32
		{77168245-9109-4EF6-9B8F-5D625CEAC145}.Debug|x64.ActiveCfg = Debug|x64
		{77168245-9109-4EF6-9B8F-5D625CEAC145}.Debug|x64.Build.0 = Debug|x64
		{77168245-9109-4EF6-9B8F-5D625CEAC145}.Debug|x86.ActiveCfg = Debug|Win32
		{77168245-9109-4EF6-9B8F-5D625CEAC145}.Debug|x86.Build.0 = Debug|Win32
		{77168245-9109-4EF6-9B8F-5D625CEAC145}.Release|Win32.ActiveCfg = Release|Win32
		{77168245-9109-4EF6-9B8F-5D625CEAC145}.Release|Win32.Build.0 = Release|Win32
		{77168245-9109-4EF6-9B8F-5D625CEAC145}.Release|x64.ActiveCfg = Release|x64
		{77168245-9109-4EF6-9B8F-5D625CEAC145}.Release|x64.Build.0 = Release|x64
		{77168245-9109-4EF6-9B8F-5D625CEAC145}.Release|x86.ActiveCfg = Release|Win32
		{77168245-9109-4EF6-9B8F-5D625CEAC145}.Release|x86.Build.0 = Release|Win32
		{B1A2CD60-9ED6-45D0-97D7-E5CE3F1429AD}.Debug|Win32.ActiveCfg = Debug|Win32
		{B1A2CD60-9ED6-45D0-97D7-E5CE3F1429AD}.Debug|Win32.Build.0 = Debug|Win32
		{B1A2CD60-9ED6-45D0-97D7-E5CE3F1429AD}.Debug|x64.ActiveCfg = Debug|x64
		{B1A2CD60-9ED6-45D0-97D7-E5CE3F1429AD}.Debug|x64.Build.0 = Debug|x64
		{B1A2CD60-9ED6-45D0-97D7-E5CE3F1429AD}.Debug|x86.ActiveCfg = Debug|Win32
		{B1A2CD60-9ED6-45D0-97D7-E5CE3F1429AD}.Debug|x86.Build.0 = Debug|Win32
		{B1A2CD60-9ED6-45D0-97D7-E5CE3F1429AD}.Release|Win32.ActiveCfg = Release|Win32
		{B1A2CD60-9ED6-45D0-97D7-E5CE3F1429AD}.Release|Win32.Build.0 = Release|Win32
		{B1A2CD60-9ED6-45D0-97D7-E5CE3F1429AD}.Release|x64.ActiveCfg = Release|x64
		{B1A2CD60-9ED6-45D0-97D7-E5CE3F1429AD}.Release|x64.Build.0 = Release|x64
		{B1A2CD60-9ED6-45D0-97D7-E5CE3F1429AD}.Release|x86.ActiveCfg = Release|Win32
		{B1A2CD60-9ED6-45D0-97D7-E5CE3F1429AD}.Release|x86.Build.0 = Release|Win32
	EndGlobalSection
	GlobalSection(SolutionProperties) = preSolution
		HideSolutionNode = FALSE
	EndGlobalSection
EndGlobal
